{
  "version": "5",
  "specifiers": {
    "jsr:@simonneutert/string-combinations-generator@~0.2.1": "0.2.1",
    "jsr:@std/assert@^1.0.18": "1.0.18",
    "jsr:@std/cli@1.0.26": "1.0.26",
    "jsr:@std/internal@^1.0.12": "1.0.12",
    "npm:zod-xlsx@0.10": "0.10.0_xlsx@0.18.5_zod@4.3.6",
    "npm:zod@^4.3.6": "4.3.6"
  },
  "jsr": {
    "@simonneutert/string-combinations-generator@0.2.1": {
      "integrity": "aa7bacb9eba09efec727dfcf82ffcf3e7e692eda827ac0331c32953f27f4791e"
    },
    "@std/assert@1.0.18": {
      "integrity": "270245e9c2c13b446286de475131dc688ca9abcd94fc5db41d43a219b34d1c78",
      "dependencies": [
        "jsr:@std/internal"
      ]
    },
    "@std/cli@1.0.26": {
      "integrity": "53679a2b041406f15c3ff193986852595f3d11ba7b9d4b0c71a42589662e8fb5",
      "dependencies": [
        "jsr:@std/internal"
      ]
    },
    "@std/internal@1.0.12": {
      "integrity": "972a634fd5bc34b242024402972cd5143eac68d8dffaca5eaa4dba30ce17b027"
    }
  },
  "npm": {
    "adler-32@1.3.1": {
      "integrity": "sha512-ynZ4w/nUUv5rrsR8UUGoe1VC9hZj6V5hU9Qw1HlMDJGEJw5S7TfTErWTjMys6M7vr0YWcPqs3qAr4ss0nDfP+A=="
    },
    "cfb@1.2.2": {
      "integrity": "sha512-KfdUZsSOw19/ObEWasvBP/Ac4reZvAGauZhs6S/gqNhXhI7cKwvlH7ulj+dOEYnca4bm4SGo8C1bTAQvnTjgQA==",
      "dependencies": [
        "adler-32",
        "crc-32"
      ]
    },
    "codepage@1.15.0": {
      "integrity": "sha512-3g6NUTPd/YtuuGrhMnOMRjFc+LJw/bnMp3+0r/Wcz3IXUuCosKRJvMphm5+Q+bvTVGcJJuRvVLuYba+WojaFaA=="
    },
    "crc-32@1.2.2": {
      "integrity": "sha512-ROmzCKrTnOwybPcJApAA6WBWij23HVfGVNKqqrZpuyZOHqK2CwHSvpGuyt/UNNvaIjEd8X5IFGp4Mh+Ie1IHJQ==",
      "bin": true
    },
    "frac@1.1.2": {
      "integrity": "sha512-w/XBfkibaTl3YDqASwfDUqkna4Z2p9cFSr1aHDt0WoMTECnRfBOv2WArlZILlqgWlmdIlALXGpM2AOhEk5W3IA=="
    },
    "ssf@0.11.2": {
      "integrity": "sha512-+idbmIXoYET47hH+d7dfm2epdOMUDjqcB4648sTZ+t2JwoyBFL/insLfB/racrDmsKB3diwsDA696pZMieAC5g==",
      "dependencies": [
        "frac"
      ]
    },
    "wmf@1.0.2": {
      "integrity": "sha512-/p9K7bEh0Dj6WbXg4JG0xvLQmIadrner1bi45VMJTfnbVHsc7yIajZyoSoK60/dtVBs12Fm6WkUI5/3WAVsNMw=="
    },
    "word@0.3.0": {
      "integrity": "sha512-OELeY0Q61OXpdUfTp+oweA/vtLVg5VDOXh+3he3PNzLGG/y0oylSOC1xRVj0+l4vQ3tj/bB1HVHv1ocXkQceFA=="
    },
    "xlsx@0.18.5": {
      "integrity": "sha512-dmg3LCjBPHZnQp5/F/+nnTa+miPJxUXB6vtk42YjBBKayDNagxGEeIdWApkYPOf3Z3pm3k62Knjzp7lMeTEtFQ==",
      "dependencies": [
        "adler-32",
        "cfb",
        "codepage",
        "crc-32",
        "ssf",
        "wmf",
        "word"
      ],
      "bin": true
    },
    "zod-xlsx@0.10.0_xlsx@0.18.5_zod@4.3.6": {
      "integrity": "sha512-nFUnkwtcQ3vDTBnCaGKz0/wOUJl2C6HhlRCke8M666lrZ6NshOj6uKgoskRSMzbabu4m6NBZ7pJuiqiZTcLigg==",
      "dependencies": [
        "xlsx",
        "zod"
      ]
    },
    "zod@4.3.6": {
      "integrity": "sha512-rftlrkhHZOcjDwkGlnUtZZkvaPHCsDATp4pGpuOOMDaTdDDXF91wuVDJoWoPsKX/3YPQ5fHuF3STjcYyKr+Qhg=="
    }
  },
  "remote": {
    "https://cdn.sheetjs.com/xlsx-0.20.3/package/dist/cpexcel.full.mjs": "7a7bba23b6b6f23b5c69fbb631f78d1d455f74b57e4aa54e9a2f81a8ab844964",
    "https://cdn.sheetjs.com/xlsx-0.20.3/package/xlsx.mjs": "1a0fb062ee9781b13f6687371b202aaefc53b6ce55b530c027e01f9c087b77db"
  },
  "workspace": {
    "dependencies": [
      "jsr:@simonneutert/string-combinations-generator@~0.2.1",
      "jsr:@std/assert@^1.0.18",
      "jsr:@std/cli@1.0.26",
      "npm:zod-xlsx@0.10",
      "npm:zod@^4.3.6"
    ]
  }
}
